{
  "nodes": {
    "nixpkgs": {
      "locked": {
        "lastModified": 0,
        "narHash": "sha256-xV20Alb7ZGN7qujnsi5lG1NckSUmpIb05H2Xar73TDc=",
        "path": "/nix/store/3cykcmnpiqdskv7sxkzcrn1x2lir4z5v-source",
        "type": "path"
      },
      "original": {
        "owner": "NixOS",
        "ref": "nixpkgs-unstable",
        "repo": "nixpkgs",
        "type": "github"
      }
    },
    "root": {
      "inputs": {
        "nixpkgs": "nixpkgs"
      }
    }
  },
  "root": "root",
  "version": 7
}
